
Microsoft Visual Studio Solution File, Format Version 12.00
# Visual Studio 15
VisualStudioVersion = 15.0.27703.2018
MinimumVisualStudioVersion = 10.0.40219.1
Project("{FAE04EC0-301F-11D3-BF4B-00C04F79EFBC}") = "calibrator", "calibrator\calibratorApp\calibrator.csproj", "{9F6EC054-8DE4-4E12-9D1D-21EE2BCE8050}"
EndProject
Project("{FAE04EC0-301F-11D3-BF4B-00C04F79EFBC}") = "checksum", "checksum\checksum.csproj", "{614050B3-D15E-4921-B14D-1BB5B9F70906}"
EndProject
Project("{FAE04EC0-301F-11D3-BF4B-00C04F79EFBC}") = "checksum.tests", "checksum.tests\checksum.tests.csproj", "{D3FB61AF-6D1A-4E4E-83D7-9522165A5AE1}"
	ProjectSection(ProjectDependencies) = postProject
		{614050B3-D15E-4921-B14D-1BB5B9F70906} = {614050B3-D15E-4921-B14D-1BB5B9F70906}
	EndProjectSection
EndProject
Project("{FAE04EC0-301F-11D3-BF4B-00C04F79EFBC}") = "checksum.lib", "checksum.lib\checksum.lib.csproj", "{AA07620A-8F15-46AD-AECE-29493CC593E5}"
EndProject
Project("{2150E333-8FDC-42A3-9474-1A3956D46DE8}") = "Day1", "Day1", "{796BF030-A388-4086-8DC8-630330027254}"
EndProject
Project("{2150E333-8FDC-42A3-9474-1A3956D46DE8}") = "Day2", "Day2", "{DAEF7919-5817-42C7-ADB0-E0063A30A990}"
EndProject
Project("{2150E333-8FDC-42A3-9474-1A3956D46DE8}") = "Day3", "Day3", "{DC556846-6D96-49CA-A1CF-711D081A8461}"
EndProject
Project("{FAE04EC0-301F-11D3-BF4B-00C04F79EFBC}") = "cuttingFabric", "cuttingFabric\cuttingFabric.csproj", "{0F815F80-68A7-424D-9899-2D52600E1500}"
EndProject
Project("{FAE04EC0-301F-11D3-BF4B-00C04F79EFBC}") = "cuttingFabric.lib", "cuttingFabric.lib\cuttingFabric.lib.csproj", "{05000398-AF7F-4411-A3DD-C101B4EAC4CD}"
EndProject
Project("{FAE04EC0-301F-11D3-BF4B-00C04F79EFBC}") = "cuttingFabric.lib.tests", "cuttingFabric.lib.tests\cuttingFabric.lib.tests.csproj", "{5423203E-61D0-47CE-95D7-8EDCC70C32CF}"
EndProject
Project("{2150E333-8FDC-42A3-9474-1A3956D46DE8}") = "Day4", "Day4", "{CED4D2BA-1E3B-4D2B-BF9B-FB3B426A8A8E}"
EndProject
Project("{FAE04EC0-301F-11D3-BF4B-00C04F79EFBC}") = "sleepingGuardHabits.lib", "Day4\sleepingGuardHabits.lib\sleepingGuardHabits.lib.csproj", "{7513B884-DA32-41F6-B32D-4A73078DFA66}"
EndProject
Project("{FAE04EC0-301F-11D3-BF4B-00C04F79EFBC}") = "sleepingGuardHabits", "Day4\sleepingGuardHabits\sleepingGuardHabits.csproj", "{C6C832A5-0A99-4730-A2AB-35BAC581DFD1}"
EndProject
Project("{FAE04EC0-301F-11D3-BF4B-00C04F79EFBC}") = "sleepingGuardHabits.tests", "Day4\sleepingGuardHabits.tests\sleepingGuardHabits.tests.csproj", "{95B97965-0409-40F9-B4F2-E03FA1D81495}"
EndProject
Project("{2150E333-8FDC-42A3-9474-1A3956D46DE8}") = "Day5", "Day5", "{1256C290-378B-4005-85A1-326F69B66E03}"
EndProject
Project("{FAE04EC0-301F-11D3-BF4B-00C04F79EFBC}") = "PolymerReader.Test", "Day5\PolymerReader.Tes\PolymerReader.Test.csproj", "{AA53208E-18A1-4742-8A42-EA4CB7D608F4}"
EndProject
Project("{FAE04EC0-301F-11D3-BF4B-00C04F79EFBC}") = "PolymerReader", "Day5\PolymerReader\PolymerReader.csproj", "{E2D8867D-1523-4C59-A080-31D963742362}"
EndProject
Project("{FAE04EC0-301F-11D3-BF4B-00C04F79EFBC}") = "PolymerReader.Lib", "PolymerReader.Lib\PolymerReader.Lib.csproj", "{14829CBF-A3B1-4FB7-9A06-0E3AAA064A0D}"
EndProject
Global
	GlobalSection(SolutionConfigurationPlatforms) = preSolution
		Debug|Any CPU = Debug|Any CPU
		Release|Any CPU = Release|Any CPU
	EndGlobalSection
	GlobalSection(ProjectConfigurationPlatforms) = postSolution
		{9F6EC054-8DE4-4E12-9D1D-21EE2BCE8050}.Debug|Any CPU.ActiveCfg = Debug|Any CPU
		{9F6EC054-8DE4-4E12-9D1D-21EE2BCE8050}.Debug|Any CPU.Build.0 = Debug|Any CPU
		{9F6EC054-8DE4-4E12-9D1D-21EE2BCE8050}.Release|Any CPU.ActiveCfg = Release|Any CPU
		{9F6EC054-8DE4-4E12-9D1D-21EE2BCE8050}.Release|Any CPU.Build.0 = Release|Any CPU
		{614050B3-D15E-4921-B14D-1BB5B9F70906}.Debug|Any CPU.ActiveCfg = Debug|Any CPU
		{614050B3-D15E-4921-B14D-1BB5B9F70906}.Debug|Any CPU.Build.0 = Debug|Any CPU
		{614050B3-D15E-4921-B14D-1BB5B9F70906}.Release|Any CPU.ActiveCfg = Release|Any CPU
		{614050B3-D15E-4921-B14D-1BB5B9F70906}.Release|Any CPU.Build.0 = Release|Any CPU
		{D3FB61AF-6D1A-4E4E-83D7-9522165A5AE1}.Debug|Any CPU.ActiveCfg = Debug|Any CPU
		{D3FB61AF-6D1A-4E4E-83D7-9522165A5AE1}.Debug|Any CPU.Build.0 = Debug|Any CPU
		{D3FB61AF-6D1A-4E4E-83D7-9522165A5AE1}.Release|Any CPU.ActiveCfg = Release|Any CPU
		{D3FB61AF-6D1A-4E4E-83D7-9522165A5AE1}.Release|Any CPU.Build.0 = Release|Any CPU
		{AA07620A-8F15-46AD-AECE-29493CC593E5}.Debug|Any CPU.ActiveCfg = Debug|Any CPU
		{AA07620A-8F15-46AD-AECE-29493CC593E5}.Debug|Any CPU.Build.0 = Debug|Any CPU
		{AA07620A-8F15-46AD-AECE-29493CC593E5}.Release|Any CPU.ActiveCfg = Release|Any CPU
		{AA07620A-8F15-46AD-AECE-29493CC593E5}.Release|Any CPU.Build.0 = Release|Any CPU
		{0F815F80-68A7-424D-9899-2D52600E1500}.Debug|Any CPU.ActiveCfg = Debug|Any CPU
		{0F815F80-68A7-424D-9899-2D52600E1500}.Debug|Any CPU.Build.0 = Debug|Any CPU
		{0F815F80-68A7-424D-9899-2D52600E1500}.Release|Any CPU.ActiveCfg = Release|Any CPU
		{0F815F80-68A7-424D-9899-2D52600E1500}.Release|Any CPU.Build.0 = Release|Any CPU
		{05000398-AF7F-4411-A3DD-C101B4EAC4CD}.Debug|Any CPU.ActiveCfg = Debug|Any CPU
		{05000398-AF7F-4411-A3DD-C101B4EAC4CD}.Debug|Any CPU.Build.0 = Debug|Any CPU
		{05000398-AF7F-4411-A3DD-C101B4EAC4CD}.Release|Any CPU.ActiveCfg = Release|Any CPU
		{05000398-AF7F-4411-A3DD-C101B4EAC4CD}.Release|Any CPU.Build.0 = Release|Any CPU
		{5423203E-61D0-47CE-95D7-8EDCC70C32CF}.Debug|Any CPU.ActiveCfg = Debug|Any CPU
		{5423203E-61D0-47CE-95D7-8EDCC70C32CF}.Debug|Any CPU.Build.0 = Debug|Any CPU
		{5423203E-61D0-47CE-95D7-8EDCC70C32CF}.Release|Any CPU.ActiveCfg = Release|Any CPU
		{5423203E-61D0-47CE-95D7-8EDCC70C32CF}.Release|Any CPU.Build.0 = Release|Any CPU
		{7513B884-DA32-41F6-B32D-4A73078DFA66}.Debug|Any CPU.ActiveCfg = Debug|Any CPU
		{7513B884-DA32-41F6-B32D-4A73078DFA66}.Debug|Any CPU.Build.0 = Debug|Any CPU
		{7513B884-DA32-41F6-B32D-4A73078DFA66}.Release|Any CPU.ActiveCfg = Release|Any CPU
		{7513B884-DA32-41F6-B32D-4A73078DFA66}.Release|Any CPU.Build.0 = Release|Any CPU
		{C6C832A5-0A99-4730-A2AB-35BAC581DFD1}.Debug|Any CPU.ActiveCfg = Debug|Any CPU
		{C6C832A5-0A99-4730-A2AB-35BAC581DFD1}.Debug|Any CPU.Build.0 = Debug|Any CPU
		{C6C832A5-0A99-4730-A2AB-35BAC581DFD1}.Release|Any CPU.ActiveCfg = Release|Any CPU
		{C6C832A5-0A99-4730-A2AB-35BAC581DFD1}.Release|Any CPU.Build.0 = Release|Any CPU
		{95B97965-0409-40F9-B4F2-E03FA1D81495}.Debug|Any CPU.ActiveCfg = Debug|Any CPU
		{95B97965-0409-40F9-B4F2-E03FA1D81495}.Debug|Any CPU.Build.0 = Debug|Any CPU
		{95B97965-0409-40F9-B4F2-E03FA1D81495}.Release|Any CPU.ActiveCfg = Release|Any CPU
		{95B97965-0409-40F9-B4F2-E03FA1D81495}.Release|Any CPU.Build.0 = Release|Any CPU
		{AA53208E-18A1-4742-8A42-EA4CB7D608F4}.Debug|Any CPU.ActiveCfg = Debug|Any CPU
		{AA53208E-18A1-4742-8A42-EA4CB7D608F4}.Debug|Any CPU.Build.0 = Debug|Any CPU
		{AA53208E-18A1-4742-8A42-EA4CB7D608F4}.Release|Any CPU.ActiveCfg = Release|Any CPU
		{AA53208E-18A1-4742-8A42-EA4CB7D608F4}.Release|Any CPU.Build.0 = Release|Any CPU
		{E2D8867D-1523-4C59-A080-31D963742362}.Debug|Any CPU.ActiveCfg = Debug|Any CPU
		{E2D8867D-1523-4C59-A080-31D963742362}.Debug|Any CPU.Build.0 = Debug|Any CPU
		{E2D8867D-1523-4C59-A080-31D963742362}.Release|Any CPU.ActiveCfg = Release|Any CPU
		{E2D8867D-1523-4C59-A080-31D963742362}.Release|Any CPU.Build.0 = Release|Any CPU
		{14829CBF-A3B1-4FB7-9A06-0E3AAA064A0D}.Debug|Any CPU.ActiveCfg = Debug|Any CPU
		{14829CBF-A3B1-4FB7-9A06-0E3AAA064A0D}.Debug|Any CPU.Build.0 = Debug|Any CPU
		{14829CBF-A3B1-4FB7-9A06-0E3AAA064A0D}.Release|Any CPU.ActiveCfg = Release|Any CPU
		{14829CBF-A3B1-4FB7-9A06-0E3AAA064A0D}.Release|Any CPU.Build.0 = Release|Any CPU
	EndGlobalSection
	GlobalSection(SolutionProperties) = preSolution
		HideSolutionNode = FALSE
	EndGlobalSection
	GlobalSection(NestedProjects) = preSolution
		{9F6EC054-8DE4-4E12-9D1D-21EE2BCE8050} = {796BF030-A388-4086-8DC8-630330027254}
		{614050B3-D15E-4921-B14D-1BB5B9F70906} = {DAEF7919-5817-42C7-ADB0-E0063A30A990}
		{D3FB61AF-6D1A-4E4E-83D7-9522165A5AE1} = {DAEF7919-5817-42C7-ADB0-E0063A30A990}
		{AA07620A-8F15-46AD-AECE-29493CC593E5} = {DAEF7919-5817-42C7-ADB0-E0063A30A990}
		{0F815F80-68A7-424D-9899-2D52600E1500} = {DC556846-6D96-49CA-A1CF-711D081A8461}
		{05000398-AF7F-4411-A3DD-C101B4EAC4CD} = {DC556846-6D96-49CA-A1CF-711D081A8461}
		{5423203E-61D0-47CE-95D7-8EDCC70C32CF} = {DC556846-6D96-49CA-A1CF-711D081A8461}
		{7513B884-DA32-41F6-B32D-4A73078DFA66} = {CED4D2BA-1E3B-4D2B-BF9B-FB3B426A8A8E}
		{C6C832A5-0A99-4730-A2AB-35BAC581DFD1} = {CED4D2BA-1E3B-4D2B-BF9B-FB3B426A8A8E}
		{95B97965-0409-40F9-B4F2-E03FA1D81495} = {CED4D2BA-1E3B-4D2B-BF9B-FB3B426A8A8E}
		{AA53208E-18A1-4742-8A42-EA4CB7D608F4} = {1256C290-378B-4005-85A1-326F69B66E03}
		{E2D8867D-1523-4C59-A080-31D963742362} = {1256C290-378B-4005-85A1-326F69B66E03}
		{14829CBF-A3B1-4FB7-9A06-0E3AAA064A0D} = {1256C290-378B-4005-85A1-326F69B66E03}
	EndGlobalSection
	GlobalSection(ExtensibilityGlobals) = postSolution
		SolutionGuid = {1D836160-69FC-4639-97C3-503DA12E68C4}
	EndGlobalSection
EndGlobal
